
Microsoft Visual Studio Solution File, Format Version 12.00
# Visual Studio Version 16
VisualStudioVersion = 16.0.31702.278
MinimumVisualStudioVersion = 10.0.40219.1
Project("{FAE04EC0-301F-11D3-BF4B-00C04F79EFBC}") = "BookApi", "BookApi\BookApi.csproj", "{B27591EA-A8AD-4FB9-9681-C124718755DC}"
EndProject
Global
	GlobalSection(SolutionConfigurationPlatforms) = preSolution
		Debug|Any CPU = Debug|Any CPU
		Release|Any CPU = Release|Any CPU
	EndGlobalSection
	GlobalSection(ProjectConfigurationPlatforms) = postSolution
		{B27591EA-A8AD-4FB9-9681-C124718755DC}.Debug|Any CPU.ActiveCfg = Debug|Any CPU
		{B27591EA-A8AD-4FB9-9681-C124718755DC}.Debug|Any CPU.Build.0 = Debug|Any CPU
		{B27591EA-A8AD-4FB9-9681-C124718755DC}.Release|Any CPU.ActiveCfg = Release|Any CPU
		{B27591EA-A8AD-4FB9-9681-C124718755DC}.Release|Any CPU.Build.0 = Release|Any CPU
	EndGlobalSection
	GlobalSection(SolutionProperties) = preSolution
		HideSolutionNode = FALSE
	EndGlobalSection
	GlobalSection(ExtensibilityGlobals) = postSolution
		SolutionGuid = {487AEBAD-B358-4D5A-B3A0-72D6100A4565}
	EndGlobalSection
EndGlobal
